
Microsoft Visual Studio Solution File, Format Version 12.00
# Visual Studio Version 17
VisualStudioVersion = 17.6.33829.357
MinimumVisualStudioVersion = 10.0.40219.1
Project("{FAE04EC0-301F-11D3-BF4B-00C04F79EFBC}") = "Prac2_Adriaanzen_43054226", "Prac2_Adriaanzen_43054226\Prac2_Adriaanzen_43054226.csproj", "{42211739-C70C-4EAB-A6B0-EDEAAEEE58AA}"
EndProject
Global
	GlobalSection(SolutionConfigurationPlatforms) = preSolution
		Debug|Any CPU = Debug|Any CPU
		Release|Any CPU = Release|Any CPU
	EndGlobalSection
	GlobalSection(ProjectConfigurationPlatforms) = postSolution
		{42211739-C70C-4EAB-A6B0-EDEAAEEE58AA}.Debug|Any CPU.ActiveCfg = Debug|Any CPU
		{42211739-C70C-4EAB-A6B0-EDEAAEEE58AA}.Debug|Any CPU.Build.0 = Debug|Any CPU
		{42211739-C70C-4EAB-A6B0-EDEAAEEE58AA}.Release|Any CPU.ActiveCfg = Release|Any CPU
		{42211739-C70C-4EAB-A6B0-EDEAAEEE58AA}.Release|Any CPU.Build.0 = Release|Any CPU
	EndGlobalSection
	GlobalSection(SolutionProperties) = preSolution
		HideSolutionNode = FALSE
	EndGlobalSection
	GlobalSection(ExtensibilityGlobals) = postSolution
		SolutionGuid = {78F22420-DC08-421D-B970-A57855213909}
	EndGlobalSection
EndGlobal
