
Microsoft Visual Studio Solution File, Format Version 12.00
# Visual Studio Version 17
VisualStudioVersion = 17.6.33829.357
MinimumVisualStudioVersion = 10.0.40219.1
Project("{FAE04EC0-301F-11D3-BF4B-00C04F79EFBC}") = "Prac3_Adriaanzen_43054226", "Prac3_Adriaanzen_43054226\Prac3_Adriaanzen_43054226.csproj", "{EE23E235-EEA6-4595-8B96-E46B1569C7CF}"
EndProject
Global
	GlobalSection(SolutionConfigurationPlatforms) = preSolution
		Debug|Any CPU = Debug|Any CPU
		Release|Any CPU = Release|Any CPU
	EndGlobalSection
	GlobalSection(ProjectConfigurationPlatforms) = postSolution
		{EE23E235-EEA6-4595-8B96-E46B1569C7CF}.Debug|Any CPU.ActiveCfg = Debug|Any CPU
		{EE23E235-EEA6-4595-8B96-E46B1569C7CF}.Debug|Any CPU.Build.0 = Debug|Any CPU
		{EE23E235-EEA6-4595-8B96-E46B1569C7CF}.Release|Any CPU.ActiveCfg = Release|Any CPU
		{EE23E235-EEA6-4595-8B96-E46B1569C7CF}.Release|Any CPU.Build.0 = Release|Any CPU
	EndGlobalSection
	GlobalSection(SolutionProperties) = preSolution
		HideSolutionNode = FALSE
	EndGlobalSection
	GlobalSection(ExtensibilityGlobals) = postSolution
		SolutionGuid = {2E95C864-AE75-4455-B815-DB09A41425AF}
	EndGlobalSection
EndGlobal
