
Microsoft Visual Studio Solution File, Format Version 12.00
# Visual Studio Version 17
VisualStudioVersion = 17.6.33829.357
MinimumVisualStudioVersion = 10.0.40219.1
Project("{FAE04EC0-301F-11D3-BF4B-00C04F79EFBC}") = "Prac10_ Adriaanzen_43054226", "Prac10_ Adriaanzen_43054226\Prac10_ Adriaanzen_43054226.csproj", "{889EB862-5498-44B9-83F3-99EA1F54FC49}"
EndProject
Global
	GlobalSection(SolutionConfigurationPlatforms) = preSolution
		Debug|Any CPU = Debug|Any CPU
		Release|Any CPU = Release|Any CPU
	EndGlobalSection
	GlobalSection(ProjectConfigurationPlatforms) = postSolution
		{889EB862-5498-44B9-83F3-99EA1F54FC49}.Debug|Any CPU.ActiveCfg = Debug|Any CPU
		{889EB862-5498-44B9-83F3-99EA1F54FC49}.Debug|Any CPU.Build.0 = Debug|Any CPU
		{889EB862-5498-44B9-83F3-99EA1F54FC49}.Release|Any CPU.ActiveCfg = Release|Any CPU
		{889EB862-5498-44B9-83F3-99EA1F54FC49}.Release|Any CPU.Build.0 = Release|Any CPU
	EndGlobalSection
	GlobalSection(SolutionProperties) = preSolution
		HideSolutionNode = FALSE
	EndGlobalSection
	GlobalSection(ExtensibilityGlobals) = postSolution
		SolutionGuid = {F275DCA2-75BC-4532-80EA-B7B52995E227}
	EndGlobalSection
EndGlobal
