
Microsoft Visual Studio Solution File, Format Version 12.00
# Visual Studio Version 17
VisualStudioVersion = 17.6.33829.357
MinimumVisualStudioVersion = 10.0.40219.1
Project("{FAE04EC0-301F-11D3-BF4B-00C04F79EFBC}") = "Math Squares", "Math Squares\Math Squares.csproj", "{D556D90A-3A23-49E2-8C97-5F993F2FA9EE}"
EndProject
Global
	GlobalSection(SolutionConfigurationPlatforms) = preSolution
		Debug|Any CPU = Debug|Any CPU
		Release|Any CPU = Release|Any CPU
	EndGlobalSection
	GlobalSection(ProjectConfigurationPlatforms) = postSolution
		{D556D90A-3A23-49E2-8C97-5F993F2FA9EE}.Debug|Any CPU.ActiveCfg = Debug|Any CPU
		{D556D90A-3A23-49E2-8C97-5F993F2FA9EE}.Debug|Any CPU.Build.0 = Debug|Any CPU
		{D556D90A-3A23-49E2-8C97-5F993F2FA9EE}.Release|Any CPU.ActiveCfg = Release|Any CPU
		{D556D90A-3A23-49E2-8C97-5F993F2FA9EE}.Release|Any CPU.Build.0 = Release|Any CPU
	EndGlobalSection
	GlobalSection(SolutionProperties) = preSolution
		HideSolutionNode = FALSE
	EndGlobalSection
	GlobalSection(ExtensibilityGlobals) = postSolution
		SolutionGuid = {A41D581A-109E-4CA9-B17C-2EBEFC52815D}
	EndGlobalSection
EndGlobal
